github.com/lnproxy/lnc v0.0.0-20230717031658-19e704e85a5f h1:GcmoU6m1acK18McMD/EYTjO4iThnDgVU3ke7FRXLd3E=
github.com/lnproxy/lnc v0.0.0-20230717031658-19e704e85a5f/go.mod h1:G5r26LzotKe++whzqIs2LeL00DzQihZDQxBbI6bNlgg=
github.com/lnproxy/lnproxy-client v0.0.0-20230712183300-66175c377dc4 h1:RKybPsiyKDGZKoa7lm8+UpP8D0pJ15nuYNZn3POb6D8=
github.com/lnproxy/lnproxy-client v0.0.0-20230712183300-66175c377dc4/go.mod h1:AWXqCmcDBgFNDExEiw/eG3D0vvYdlNzs38EbRhfMlxA=
golang.org/x/net v0.12.0 h1:cfawfvKITfUsFCeJIHJrbSxpeu/E81khclypR0GVT50=
golang.org/x/net v0.12.0/go.mod h1:zEVYFnQC7m/vmpQFELhcD1EWkZlX69l4oqgmer6hfKA=
